{
    "_readme": [
        "This file locks the dependencies of your project to a known state",
        "Read more about it at http://getcomposer.org/doc/01-basic-usage.md#composer-lock-the-lock-file",
        "This file is @generated automatically"
    ],
    "hash": "71de628b0f6859e077173f5de772c778",
    "packages": [
        {
            "name": "cboden/ratchet",
            "version": "v0.3.2",
            "source": {
                "type": "git",
                "url": "https://github.com/ratchetphp/Ratchet.git",
                "reference": "d36a8699df04354147a4f47845035b1ea8239189"
            },
            "dist": {
                "type": "zip",
                "url": "https://api.github.com/repos/ratchetphp/Ratchet/zipball/d36a8699df04354147a4f47845035b1ea8239189",
                "reference": "d36a8699df04354147a4f47845035b1ea8239189",
                "shasum": ""
            },
            "require": {
                "guzzle/http": "~3.6",
                "php": ">=5.3.9",
                "react/socket": "0.3.*|0.4.*",
                "symfony/http-foundation": "~2.2",
                "symfony/routing": "~2.2"
            },
            "type": "library",
            "autoload": {
                "psr-0": {
                    "Ratchet": "src"
                }
            },
            "notification-url": "https://packagist.org/downloads/",
            "license": [
                "MIT"
            ],
            "authors": [
                {
                    "name": "Chris Boden",
                    "email": "cboden@gmail.com",
                    "homepage": "http://res.im",
                    "role": "Developer"
                }
            ],
            "description": "PHP WebSocket library",
            "homepage": "http://socketo.me",
            "keywords": [
                "Ratchet",
                "WebSockets",
                "server",
                "sockets"
            ],
            "time": "2014-06-08 15:19:45"
        },
        {
            "name": "corneltek/getoptionkit",
            "version": "2.0.9",
            "source": {
                "type": "git",
                "url": "https://github.com/c9s/GetOptionKit.git",
                "reference": "2923b71f461fe4179841302ed7111b0797782ce8"
            },
            "dist": {
                "type": "zip",
                "url": "https://api.github.com/repos/c9s/GetOptionKit/zipball/2923b71f461fe4179841302ed7111b0797782ce8",
                "reference": "2923b71f461fe4179841302ed7111b0797782ce8",
                "shasum": ""
            },
            "require": {
                "php": ">=5.3.0"
            },
            "require-dev": {
                "corneltek/phpunit-testmore": "dev-master",
                "satooshi/php-coveralls": "dev-master"
            },
            "type": "library",
            "autoload": {
                "psr-0": {
                    "GetOptionKit": "src"
                }
            },
            "notification-url": "https://packagist.org/downloads/",
            "license": [
                "MIT"
            ],
            "authors": [
                {
                    "name": "Yo-An Lin",
                    "email": "cornelius.howl@gmail.com",
                    "homepage": "http://c9s.me"
                }
            ],
            "description": "Powerful command-line option toolkit",
            "homepage": "http://github.com/c9s/GetOptionKit",
            "time": "2014-10-24 10:08:29"
        },
        {
            "name": "evenement/evenement",
            "version": "v2.0.0",
            "source": {
                "type": "git",
                "url": "https://github.com/igorw/evenement.git",
                "reference": "f6e843799fd4f4184d54d8fc7b5b3551c9fa803e"
            },
            "dist": {
                "type": "zip",
                "url": "https://api.github.com/repos/igorw/evenement/zipball/f6e843799fd4f4184d54d8fc7b5b3551c9fa803e",
                "reference": "f6e843799fd4f4184d54d8fc7b5b3551c9fa803e",
                "shasum": ""
            },
            "require": {
                "php": ">=5.4.0"
            },
            "type": "library",
            "extra": {
                "branch-alias": {
                    "dev-master": "2.0-dev"
                }
            },
            "autoload": {
                "psr-0": {
                    "Evenement": "src"
                }
            },
            "notification-url": "https://packagist.org/downloads/",
            "license": [
                "MIT"
            ],
            "authors": [
                {
                    "name": "Igor Wiedler",
                    "email": "igor@wiedler.ch",
                    "homepage": "http://wiedler.ch/igor/"
                }
            ],
            "description": "Événement is a very simple event dispatching library for PHP",
            "keywords": [
                "event-dispatcher",
                "event-emitter"
            ],
            "time": "2012-11-02 14:49:47"
        },
        {
            "name": "guzzle/common",
            "version": "v3.9.2",
            "target-dir": "Guzzle/Common",
            "source": {
                "type": "git",
                "url": "https://github.com/guzzle/common.git",
                "reference": "2e36af7cf2ce3ea1f2d7c2831843b883a8e7b7dc"
            },
            "dist": {
                "type": "zip",
                "url": "https://api.github.com/repos/guzzle/common/zipball/2e36af7cf2ce3ea1f2d7c2831843b883a8e7b7dc",
                "reference": "2e36af7cf2ce3ea1f2d7c2831843b883a8e7b7dc",
                "shasum": ""
            },
            "require": {
                "php": ">=5.3.2",
                "symfony/event-dispatcher": ">=2.1"
            },
            "type": "library",
            "extra": {
                "branch-alias": {
                    "dev-master": "3.7-dev"
                }
            },
            "autoload": {
                "psr-0": {
                    "Guzzle\\Common": ""
                }
            },
            "notification-url": "https://packagist.org/downloads/",
            "license": [
                "MIT"
            ],
            "description": "Common libraries used by Guzzle",
            "homepage": "http://guzzlephp.org/",
            "keywords": [
                "collection",
                "common",
                "event",
                "exception"
            ],
            "time": "2014-08-11 04:32:36"
        },
        {
            "name": "guzzle/http",
            "version": "v3.9.2",
            "target-dir": "Guzzle/Http",
            "source": {
                "type": "git",
                "url": "https://github.com/guzzle/http.git",
                "reference": "1e8dd1e2ba9dc42332396f39fbfab950b2301dc5"
            },
            "dist": {
                "type": "zip",
                "url": "https://api.github.com/repos/guzzle/http/zipball/1e8dd1e2ba9dc42332396f39fbfab950b2301dc5",
                "reference": "1e8dd1e2ba9dc42332396f39fbfab950b2301dc5",
                "shasum": ""
            },
            "require": {
                "guzzle/common": "self.version",
                "guzzle/parser": "self.version",
                "guzzle/stream": "self.version",
                "php": ">=5.3.2"
            },
            "suggest": {
                "ext-curl": "*"
            },
            "type": "library",
            "extra": {
                "branch-alias": {
                    "dev-master": "3.7-dev"
                }
            },
            "autoload": {
                "psr-0": {
                    "Guzzle\\Http": ""
                }
            },
            "notification-url": "https://packagist.org/downloads/",
            "license": [
                "MIT"
            ],
            "authors": [
                {
                    "name": "Michael Dowling",
                    "email": "mtdowling@gmail.com",
                    "homepage": "https://github.com/mtdowling"
                }
            ],
            "description": "HTTP libraries used by Guzzle",
            "homepage": "http://guzzlephp.org/",
            "keywords": [
                "Guzzle",
                "client",
                "curl",
                "http",
                "http client"
            ],
            "time": "2014-08-11 04:32:36"
        },
        {
            "name": "guzzle/parser",
            "version": "v3.9.2",
            "target-dir": "Guzzle/Parser",
            "source": {
                "type": "git",
                "url": "https://github.com/guzzle/parser.git",
                "reference": "6874d171318a8e93eb6d224cf85e4678490b625c"
            },
            "dist": {
                "type": "zip",
                "url": "https://api.github.com/repos/guzzle/parser/zipball/6874d171318a8e93eb6d224cf85e4678490b625c",
                "reference": "6874d171318a8e93eb6d224cf85e4678490b625c",
                "shasum": ""
            },
            "require": {
                "php": ">=5.3.2"
            },
            "type": "library",
            "extra": {
                "branch-alias": {
                    "dev-master": "3.7-dev"
                }
            },
            "autoload": {
                "psr-0": {
                    "Guzzle\\Parser": ""
                }
            },
            "notification-url": "https://packagist.org/downloads/",
            "license": [
                "MIT"
            ],
            "description": "Interchangeable parsers used by Guzzle",
            "homepage": "http://guzzlephp.org/",
            "keywords": [
                "URI Template",
                "cookie",
                "http",
                "message",
                "url"
            ],
            "time": "2014-02-05 18:29:46"
        },
        {
            "name": "guzzle/stream",
            "version": "v3.9.2",
            "target-dir": "Guzzle/Stream",
            "source": {
                "type": "git",
                "url": "https://github.com/guzzle/stream.git",
                "reference": "60c7fed02e98d2c518dae8f97874c8f4622100f0"
            },
            "dist": {
                "type": "zip",
                "url": "https://api.github.com/repos/guzzle/stream/zipball/60c7fed02e98d2c518dae8f97874c8f4622100f0",
                "reference": "60c7fed02e98d2c518dae8f97874c8f4622100f0",
                "shasum": ""
            },
            "require": {
                "guzzle/common": "self.version",
                "php": ">=5.3.2"
            },
            "suggest": {
                "guzzle/http": "To convert Guzzle request objects to PHP streams"
            },
            "type": "library",
            "extra": {
                "branch-alias": {
                    "dev-master": "3.7-dev"
                }
            },
            "autoload": {
                "psr-0": {
                    "Guzzle\\Stream": ""
                }
            },
            "notification-url": "https://packagist.org/downloads/",
            "license": [
                "MIT"
            ],
            "authors": [
                {
                    "name": "Michael Dowling",
                    "email": "mtdowling@gmail.com",
                    "homepage": "https://github.com/mtdowling"
                }
            ],
            "description": "Guzzle stream wrapper component",
            "homepage": "http://guzzlephp.org/",
            "keywords": [
                "Guzzle",
                "component",
                "stream"
            ],
            "time": "2014-05-01 21:36:02"
        },
        {
            "name": "lusitanian/oauth",
            "version": "v0.3.5",
            "source": {
                "type": "git",
                "url": "https://github.com/Lusitanian/PHPoAuthLib.git",
                "reference": "ac5a1cd5a4519143728dce2213936eea302edf8a"
            },
            "dist": {
                "type": "zip",
                "url": "https://api.github.com/repos/Lusitanian/PHPoAuthLib/zipball/ac5a1cd5a4519143728dce2213936eea302edf8a",
                "reference": "ac5a1cd5a4519143728dce2213936eea302edf8a",
                "shasum": ""
            },
            "require": {
                "php": ">=5.3.0"
            },
            "require-dev": {
                "phpunit/phpunit": "3.7.*",
                "predis/predis": "0.8.*@dev",
                "symfony/http-foundation": "~2.1"
            },
            "suggest": {
                "ext-openssl": "Allows for usage of secure connections with the stream-based HTTP client.",
                "predis/predis": "Allows using the Redis storage backend.",
                "symfony/http-foundation": "Allows using the Symfony Session storage backend."
            },
            "type": "library",
            "extra": {
                "branch-alias": {
                    "dev-master": "0.1-dev"
                }
            },
            "autoload": {
                "psr-0": {
                    "OAuth": "src",
                    "OAuth\\Unit": "tests"
                }
            },
            "notification-url": "https://packagist.org/downloads/",
            "license": [
                "MIT"
            ],
            "authors": [
                {
                    "name": "David Desberg",
                    "email": "david@daviddesberg.com"
                },
                {
                    "name": "Pieter Hordijk",
                    "email": "info@pieterhordijk.com"
                }
            ],
            "description": "PHP 5.3+ oAuth 1/2 Library",
            "keywords": [
                "Authentication",
                "authorization",
                "oauth",
                "security"
            ],
            "time": "2014-09-05 15:19:58"
        },
        {
            "name": "react/promise",
            "version": "v2.1.0",
            "source": {
                "type": "git",
                "url": "https://github.com/reactphp/promise.git",
                "reference": "937b04f1b0ee8f6d180e75a0830aac778ca4bcd6"
            },
            "dist": {
                "type": "zip",
                "url": "https://api.github.com/repos/reactphp/promise/zipball/937b04f1b0ee8f6d180e75a0830aac778ca4bcd6",
                "reference": "937b04f1b0ee8f6d180e75a0830aac778ca4bcd6",
                "shasum": ""
            },
            "require": {
                "php": ">=5.4.0"
            },
            "type": "library",
            "extra": {
                "branch-alias": {
                    "dev-master": "2.0-dev"
                }
            },
            "autoload": {
                "psr-4": {
                    "React\\Promise\\": "src/"
                },
                "files": [
                    "src/functions.php"
                ]
            },
            "notification-url": "https://packagist.org/downloads/",
            "license": [
                "MIT"
            ],
            "authors": [
                {
                    "name": "Jan Sorgalla",
                    "email": "jsorgalla@googlemail.com"
                }
            ],
            "description": "A lightweight implementation of CommonJS Promises/A for PHP",
            "time": "2014-10-15 20:05:57"
        },
        {
            "name": "react/react",
            "version": "v0.4.1",
            "source": {
                "type": "git",
                "url": "https://github.com/reactphp/react.git",
                "reference": "17044db0ab6a9c145fb1ac40822c5c17d045dc36"
            },
            "dist": {
                "type": "zip",
                "url": "https://api.github.com/repos/reactphp/react/zipball/17044db0ab6a9c145fb1ac40822c5c17d045dc36",
                "reference": "17044db0ab6a9c145fb1ac40822c5c17d045dc36",
                "shasum": ""
            },
            "require": {
                "evenement/evenement": "~2.0",
                "guzzle/parser": "~3.0",
                "php": ">=5.4.0",
                "react/promise": "~2.0"
            },
            "replace": {
                "react/cache": "self.version",
                "react/dns": "self.version",
                "react/event-loop": "self.version",
                "react/http": "self.version",
                "react/http-client": "self.version",
                "react/socket": "self.version",
                "react/socket-client": "self.version",
                "react/stream": "self.version"
            },
            "require-dev": {
                "phpunit/phpunit": "3.7.*"
            },
            "suggest": {
                "ext-event": "Allows for use of a more performant event-loop implementation.",
                "ext-libev": "Allows for use of a more performant event-loop implementation.",
                "ext-libevent": "Allows for use of a more performant event-loop implementation."
            },
            "type": "library",
            "extra": {
                "branch-alias": {
                    "dev-master": "0.5-dev"
                }
            },
            "autoload": {
                "psr-4": {
                    "React\\": "src"
                }
            },
            "notification-url": "https://packagist.org/downloads/",
            "license": [
                "MIT"
            ],
            "description": "Nuclear Reactor written in PHP.",
            "keywords": [
                "event-loop",
                "reactor"
            ],
            "time": "2014-04-13 17:03:14"
        },
        {
            "name": "swiftmailer/swiftmailer",
            "version": "v5.0.3",
            "source": {
                "type": "git",
                "url": "https://github.com/swiftmailer/swiftmailer.git",
                "reference": "32edc3b0de0fdc1b10f5c4912e8677b3f411a230"
            },
            "dist": {
                "type": "zip",
                "url": "https://api.github.com/repos/swiftmailer/swiftmailer/zipball/32edc3b0de0fdc1b10f5c4912e8677b3f411a230",
                "reference": "32edc3b0de0fdc1b10f5c4912e8677b3f411a230",
                "shasum": ""
            },
            "require": {
                "php": ">=5.2.4"
            },
            "type": "library",
            "extra": {
                "branch-alias": {
                    "dev-master": "5.1-dev"
                }
            },
            "autoload": {
                "files": [
                    "lib/swift_required.php"
                ]
            },
            "notification-url": "https://packagist.org/downloads/",
            "license": [
                "MIT"
            ],
            "authors": [
                {
                    "name": "Fabien Potencier",
                    "email": "fabien@symfony.com",
                    "homepage": "http://fabien.potencier.org",
                    "role": "Lead Developer"
                },
                {
                    "name": "Chris Corbyn"
                }
            ],
            "description": "Swiftmailer, free feature-rich PHP mailer",
            "homepage": "http://swiftmailer.org",
            "keywords": [
                "mail",
                "mailer"
            ],
            "time": "2013-12-03 13:33:24"
        },
        {
            "name": "symfony/event-dispatcher",
            "version": "v2.5.6",
            "target-dir": "Symfony/Component/EventDispatcher",
            "source": {
                "type": "git",
                "url": "https://github.com/symfony/EventDispatcher.git",
                "reference": "804eb28dbbfba9ffdab21fe2066744906cea2212"
            },
            "dist": {
                "type": "zip",
                "url": "https://api.github.com/repos/symfony/EventDispatcher/zipball/804eb28dbbfba9ffdab21fe2066744906cea2212",
                "reference": "804eb28dbbfba9ffdab21fe2066744906cea2212",
                "shasum": ""
            },
            "require": {
                "php": ">=5.3.3"
            },
            "require-dev": {
                "psr/log": "~1.0",
                "symfony/config": "~2.0",
                "symfony/dependency-injection": "~2.0,<2.6.0",
                "symfony/stopwatch": "~2.2"
            },
            "suggest": {
                "symfony/dependency-injection": "",
                "symfony/http-kernel": ""
            },
            "type": "library",
            "extra": {
                "branch-alias": {
                    "dev-master": "2.5-dev"
                }
            },
            "autoload": {
                "psr-0": {
                    "Symfony\\Component\\EventDispatcher\\": ""
                }
            },
            "notification-url": "https://packagist.org/downloads/",
            "license": [
                "MIT"
            ],
            "authors": [
                {
                    "name": "Symfony Community",
                    "homepage": "http://symfony.com/contributors"
                },
                {
                    "name": "Fabien Potencier",
                    "email": "fabien@symfony.com"
                }
            ],
            "description": "Symfony EventDispatcher Component",
            "homepage": "http://symfony.com",
            "time": "2014-10-01 15:43:05"
        },
        {
            "name": "symfony/http-foundation",
            "version": "v2.5.6",
            "target-dir": "Symfony/Component/HttpFoundation",
            "source": {
                "type": "git",
                "url": "https://github.com/symfony/HttpFoundation.git",
                "reference": "56111fc8ba8bcad93d367532babecc6ce17f66ce"
            },
            "dist": {
                "type": "zip",
                "url": "https://api.github.com/repos/symfony/HttpFoundation/zipball/56111fc8ba8bcad93d367532babecc6ce17f66ce",
                "reference": "56111fc8ba8bcad93d367532babecc6ce17f66ce",
                "shasum": ""
            },
            "require": {
                "php": ">=5.3.3"
            },
            "require-dev": {
                "symfony/expression-language": "~2.4"
            },
            "type": "library",
            "extra": {
                "branch-alias": {
                    "dev-master": "2.5-dev"
                }
            },
            "autoload": {
                "psr-0": {
                    "Symfony\\Component\\HttpFoundation\\": ""
                },
                "classmap": [
                    "Symfony/Component/HttpFoundation/Resources/stubs"
                ]
            },
            "notification-url": "https://packagist.org/downloads/",
            "license": [
                "MIT"
            ],
            "authors": [
                {
                    "name": "Symfony Community",
                    "homepage": "http://symfony.com/contributors"
                },
                {
                    "name": "Fabien Potencier",
                    "email": "fabien@symfony.com"
                }
            ],
            "description": "Symfony HttpFoundation Component",
            "homepage": "http://symfony.com",
            "time": "2014-10-24 05:49:22"
        },
        {
            "name": "symfony/routing",
            "version": "v2.5.6",
            "target-dir": "Symfony/Component/Routing",
            "source": {
                "type": "git",
                "url": "https://github.com/symfony/Routing.git",
                "reference": "c7e381f571aac1de9e06f2bac2097984c543096a"
            },
            "dist": {
                "type": "zip",
                "url": "https://api.github.com/repos/symfony/Routing/zipball/c7e381f571aac1de9e06f2bac2097984c543096a",
                "reference": "c7e381f571aac1de9e06f2bac2097984c543096a",
                "shasum": ""
            },
            "require": {
                "php": ">=5.3.3"
            },
            "require-dev": {
                "doctrine/annotations": "~1.0",
                "psr/log": "~1.0",
                "symfony/config": "~2.2",
                "symfony/expression-language": "~2.4",
                "symfony/http-foundation": "~2.3",
                "symfony/yaml": "~2.0"
            },
            "suggest": {
                "doctrine/annotations": "For using the annotation loader",
                "symfony/config": "For using the all-in-one router or any loader",
                "symfony/expression-language": "For using expression matching",
                "symfony/yaml": "For using the YAML loader"
            },
            "type": "library",
            "extra": {
                "branch-alias": {
                    "dev-master": "2.5-dev"
                }
            },
            "autoload": {
                "psr-0": {
                    "Symfony\\Component\\Routing\\": ""
                }
            },
            "notification-url": "https://packagist.org/downloads/",
            "license": [
                "MIT"
            ],
            "authors": [
                {
                    "name": "Symfony Community",
                    "homepage": "http://symfony.com/contributors"
                },
                {
                    "name": "Fabien Potencier",
                    "email": "fabien@symfony.com"
                }
            ],
            "description": "Symfony Routing Component",
            "homepage": "http://symfony.com",
            "keywords": [
                "router",
                "routing",
                "uri",
                "url"
            ],
            "time": "2014-10-24 05:49:22"
        }
    ],
    "packages-dev": [],
    "aliases": [],
    "minimum-stability": "stable",
    "stability-flags": [],
    "prefer-stable": false,
    "platform": {
        "php": ">=5.5",
        "ext-phalcon": ">=1.3.2",
        "ext-gettext": ">=0.0.0",
        "ext-zmq": ">=1.1.2",
        "ext-libevent": ">=0.1.0"
    },
    "platform-dev": []
}
